
Microsoft Visual Studio Solution File, Format Version 12.00
Project("{FAE04EC0-301F-11D3-BF4B-00C04F79EFBC}") = "InternetBasedTermsService", "InternetBasedTermsService\InternetBasedTermsService.csproj", "{D74F0A08-9615-48B4-BEF4-619A06D31AE8}"
EndProject
Project("{FAE04EC0-301F-11D3-BF4B-00C04F79EFBC}") = "InternetBasedTermsService.Tests", "InternetBasedTermsService.Tests\InternetBasedTermsService.Tests.csproj", "{DD3470F9-19B2-4831-A246-535000FD7E6F}"
EndProject
Project("{2150E333-8FDC-42A3-9474-1A3956D46DE8}") = "SolutionItems", "SolutionItems", "{F3C4D812-5C44-4349-BAF2-C67EE9ACA03C}"
	ProjectSection(SolutionItems) = preProject
		.gitignore = .gitignore
		README.MD = README.MD
		Architecture.jpg = Architecture.jpg
	EndProjectSection
EndProject
Global
	GlobalSection(SolutionConfigurationPlatforms) = preSolution
		Debug|Any CPU = Debug|Any CPU
		Release|Any CPU = Release|Any CPU
	EndGlobalSection
	GlobalSection(ProjectConfigurationPlatforms) = postSolution
		{D74F0A08-9615-48B4-BEF4-619A06D31AE8}.Debug|Any CPU.ActiveCfg = Debug|Any CPU
		{D74F0A08-9615-48B4-BEF4-619A06D31AE8}.Debug|Any CPU.Build.0 = Debug|Any CPU
		{D74F0A08-9615-48B4-BEF4-619A06D31AE8}.Release|Any CPU.ActiveCfg = Release|Any CPU
		{D74F0A08-9615-48B4-BEF4-619A06D31AE8}.Release|Any CPU.Build.0 = Release|Any CPU
		{DD3470F9-19B2-4831-A246-535000FD7E6F}.Debug|Any CPU.ActiveCfg = Debug|Any CPU
		{DD3470F9-19B2-4831-A246-535000FD7E6F}.Debug|Any CPU.Build.0 = Debug|Any CPU
		{DD3470F9-19B2-4831-A246-535000FD7E6F}.Release|Any CPU.ActiveCfg = Release|Any CPU
		{DD3470F9-19B2-4831-A246-535000FD7E6F}.Release|Any CPU.Build.0 = Release|Any CPU
	EndGlobalSection
EndGlobal
